
Microsoft Visual Studio Solution File, Format Version 12.00
# Visual Studio Version 17
VisualStudioVersion = 17.11.35312.102
MinimumVisualStudioVersion = 10.0.40219.1
Project("{FAE04EC0-301F-11D3-BF4B-00C04F79EFBC}") = "ConsoleApp6", "ConsoleApp6\ConsoleApp6.csproj", "{843577BB-3201-4CBB-A7A7-57E43F1A3690}"
EndProject
Global
	GlobalSection(SolutionConfigurationPlatforms) = preSolution
		Debug|Any CPU = Debug|Any CPU
		Release|Any CPU = Release|Any CPU
	EndGlobalSection
	GlobalSection(ProjectConfigurationPlatforms) = postSolution
		{843577BB-3201-4CBB-A7A7-57E43F1A3690}.Debug|Any CPU.ActiveCfg = Debug|Any CPU
		{843577BB-3201-4CBB-A7A7-57E43F1A3690}.Debug|Any CPU.Build.0 = Debug|Any CPU
		{843577BB-3201-4CBB-A7A7-57E43F1A3690}.Release|Any CPU.ActiveCfg = Release|Any CPU
		{843577BB-3201-4CBB-A7A7-57E43F1A3690}.Release|Any CPU.Build.0 = Release|Any CPU
	EndGlobalSection
	GlobalSection(SolutionProperties) = preSolution
		HideSolutionNode = FALSE
	EndGlobalSection
	GlobalSection(ExtensibilityGlobals) = postSolution
		SolutionGuid = {AEE6B13F-89E9-4CB1-8473-C99646433F26}
	EndGlobalSection
EndGlobal
